// !$*UTF8*$!
{
	archiveVersion = 1;
	classes = {
	};
	objectVersion = 46;
	objects = {

/* Begin PBXBuildFile section */
		6F2043791ECAAFD100DCA587 /* main.m in Sources */ = {isa = PBXBuildFile; fileRef = 6F2043781ECAAFD100DCA587 /* main.m */; };
		6F20437C1ECAAFD100DCA587 /* AppDelegate.m in Sources */ = {isa = PBXBuildFile; fileRef = 6F20437B1ECAAFD100DCA587 /* AppDelegate.m */; };
		6F20437F1ECAAFD100DCA587 /* ViewController.m in Sources */ = {isa = PBXBuildFile; fileRef = 6F20437E1ECAAFD100DCA587 /* ViewController.m */; };
		6F2043821ECAAFD100DCA587 /* Main.storyboard in Resources */ = {isa = PBXBuildFile; fileRef = 6F2043801ECAAFD100DCA587 /* Main.storyboard */; };
		6F2043841ECAAFD100DCA587 /* Assets.xcassets in Resources */ = {isa = PBXBuildFile; fileRef = 6F2043831ECAAFD100DCA587 /* Assets.xcassets */; };
		6F2043871ECAAFD100DCA587 /* LaunchScreen.storyboard in Resources */ = {isa = PBXBuildFile; fileRef = 6F2043851ECAAFD100DCA587 /* LaunchScreen.storyboard */; };
		6F2043921ECAAFD100DCA587 /* BrokenLineTests.m in Sources */ = {isa = PBXBuildFile; fileRef = 6F2043911ECAAFD100DCA587 /* BrokenLineTests.m */; };
		6F20439D1ECAAFD200DCA587 /* BrokenLineUITests.m in Sources */ = {isa = PBXBuildFile; fileRef = 6F20439C1ECAAFD200DCA587 /* BrokenLineUITests.m */; };
		6F2043AF1ECAB01000DCA587 /* lineChartView.m in Sources */ = {isa = PBXBuildFile; fileRef = 6F2043AC1ECAB01000DCA587 /* lineChartView.m */; };
		6F2043B01ECAB01000DCA587 /* SellLineCell.m in Sources */ = {isa = PBXBuildFile; fileRef = 6F2043AE1ECAB01000DCA587 /* SellLineCell.m */; };
/* End PBXBuildFile section */

/* Begin PBXContainerItemProxy section */
		6F20438E1ECAAFD100DCA587 /* PBXContainerItemProxy */ = {
			isa = PBXContainerItemProxy;
			containerPortal = 6F20436C1ECAAFD100DCA587 /* Project object */;
			proxyType = 1;
			remoteGlobalIDString = 6F2043731ECAAFD100DCA587;
			remoteInfo = BrokenLine;
		};
		6F2043991ECAAFD200DCA587 /* PBXContainerItemProxy */ = {
			isa = PBXContainerItemProxy;
			containerPortal = 6F20436C1ECAAFD100DCA587 /* Project object */;
			proxyType = 1;
			remoteGlobalIDString = 6F2043731ECAAFD100DCA587;
			remoteInfo = BrokenLine;
		};
/* End PBXContainerItemProxy section */

/* Begin PBXFileReference section */
		6F2043741ECAAFD100DCA587 /* BrokenLine.app */ = {isa = PBXFileReference; explicitFileType = wrapper.application; includeInIndex = 0; path = BrokenLine.app; sourceTree = BUILT_PRODUCTS_DIR; };
		6F2043781ECAAFD100DCA587 /* main.m */ = {isa = PBXFileReference; lastKnownFileType = sourcecode.c.objc; path = main.m; sourceTree = "<group>"; };
		6F20437A1ECAAFD100DCA587 /* AppDelegate.h */ = {isa = PBXFileReference; lastKnownFileType = sourcecode.c.h; path = AppDelegate.h; sourceTree = "<group>"; };
		6F20437B1ECAAFD100DCA587 /* AppDelegate.m */ = {isa = PBXFileReference; lastKnownFileType = sourcecode.c.objc; path = AppDelegate.m; sourceTree = "<group>"; };
		6F20437D1ECAAFD100DCA587 /* ViewController.h */ = {isa = PBXFileReference; lastKnownFileType = sourcecode.c.h; path = ViewController.h; sourceTree = "<group>"; };
		6F20437E1ECAAFD100DCA587 /* ViewController.m */ = {isa = PBXFileReference; lastKnownFileType = sourcecode.c.objc; path = ViewController.m; sourceTree = "<group>"; };
		6F2043811ECAAFD100DCA587 /* Base */ = {isa = PBXFileReference; lastKnownFileType = file.storyboard; name = Base; path = Base.lproj/Main.storyboard; sourceTree = "<group>"; };
		6F2043831ECAAFD100DCA587 /* Assets.xcassets */ = {isa = PBXFileReference; lastKnownFileType = folder.assetcatalog; path = Assets.xcassets; sourceTree = "<group>"; };
		6F2043861ECAAFD100DCA587 /* Base */ = {isa = PBXFileReference; lastKnownFileType = file.storyboard; name = Base; path = Base.lproj/LaunchScreen.storyboard; sourceTree = "<group>"; };
		6F2043881ECAAFD100DCA587 /* Info.plist */ = {isa = PBXFileReference; lastKnownFileType = text.plist.xml; path = Info.plist; sourceTree = "<group>"; };
		6F20438D1ECAAFD100DCA587 /* BrokenLineTests.xctest */ = {isa = PBXFileReference; explicitFileType = wrapper.cfbundle; includeInIndex = 0; path = BrokenLineTests.xctest; sourceTree = BUILT_PRODUCTS_DIR; };
		6F2043911ECAAFD100DCA587 /* BrokenLineTests.m */ = {isa = PBXFileReference; lastKnownFileType = sourcecode.c.objc; path = BrokenLineTests.m; sourceTree = "<group>"; };
		6F2043931ECAAFD100DCA587 /* Info.plist */ = {isa = PBXFileReference; lastKnownFileType = text.plist.xml; path = Info.plist; sourceTree = "<group>"; };
		6F2043981ECAAFD200DCA587 /* BrokenLineUITests.xctest */ = {isa = PBXFileReference; explicitFileType = wrapper.cfbundle; includeInIndex = 0; path = BrokenLineUITests.xctest; sourceTree = BUILT_PRODUCTS_DIR; };
		6F20439C1ECAAFD200DCA587 /* BrokenLineUITests.m */ = {isa = PBXFileReference; lastKnownFileType = sourcecode.c.objc; path = BrokenLineUITests.m; sourceTree = "<group>"; };
		6F20439E1ECAAFD200DCA587 /* Info.plist */ = {isa = PBXFileReference; lastKnownFileType = text.plist.xml; path = Info.plist; sourceTree = "<group>"; };
		6F2043AB1ECAB01000DCA587 /* lineChartView.h */ = {isa = PBXFileReference; fileEncoding = 4; lastKnownFileType = sourcecode.c.h; path = lineChartView.h; sourceTree = "<group>"; };
		6F2043AC1ECAB01000DCA587 /* lineChartView.m */ = {isa = PBXFileReference; fileEncoding = 4; lastKnownFileType = sourcecode.c.objc; path = lineChartView.m; sourceTree = "<group>"; };
		6F2043AD1ECAB01000DCA587 /* SellLineCell.h */ = {isa = PBXFileReference; fileEncoding = 4; lastKnownFileType = sourcecode.c.h; path = SellLineCell.h; sourceTree = "<group>"; };
		6F2043AE1ECAB01000DCA587 /* SellLineCell.m */ = {isa = PBXFileReference; fileEncoding = 4; lastKnownFileType = sourcecode.c.objc; path = SellLineCell.m; sourceTree = "<group>"; };
		6F2043B11ECAD50700DCA587 /* Header.h */ = {isa = PBXFileReference; lastKnownFileType = sourcecode.c.h; path = Header.h; sourceTree = "<group>"; };
/* End PBXFileReference section */

/* Begin PBXFrameworksBuildPhase section */
		6F2043711ECAAFD100DCA587 /* Frameworks */ = {
			isa = PBXFrameworksBuildPhase;
			buildActionMask = 2147483647;
			files = (
			);
			runOnlyForDeploymentPostprocessing = 0;
		};
		6F20438A1ECAAFD100DCA587 /* Frameworks */ = {
			isa = PBXFrameworksBuildPhase;
			buildActionMask = 2147483647;
			files = (
			);
			runOnlyForDeploymentPostprocessing = 0;
		};
		6F2043951ECAAFD200DCA587 /* Frameworks */ = {
			isa = PBXFrameworksBuildPhase;
			buildActionMask = 2147483647;
			files = (
			);
			runOnlyForDeploymentPostprocessing = 0;
		};
/* End PBXFrameworksBuildPhase section */

/* Begin PBXGroup section */
		6F20436B1ECAAFD100DCA587 = {
			isa = PBXGroup;
			children = (
				6F2043761ECAAFD100DCA587 /* BrokenLine */,
				6F2043901ECAAFD100DCA587 /* BrokenLineTests */,
				6F20439B1ECAAFD200DCA587 /* BrokenLineUITests */,
				6F2043751ECAAFD100DCA587 /* Products */,
			);
			sourceTree = "<group>";
		};
		6F2043751ECAAFD100DCA587 /* Products */ = {
			isa = PBXGroup;
			children = (
				6F2043741ECAAFD100DCA587 /* BrokenLine.app */,
				6F20438D1ECAAFD100DCA587 /* BrokenLineTests.xctest */,
				6F2043981ECAAFD200DCA587 /* BrokenLineUITests.xctest */,
			);
			name = Products;
			sourceTree = "<group>";
		};
		6F2043761ECAAFD100DCA587 /* BrokenLine */ = {
			isa = PBXGroup;
			children = (
				6F2043AA1ECAB01000DCA587 /* 折线图 */,
				6F20437A1ECAAFD100DCA587 /* AppDelegate.h */,
				6F20437B1ECAAFD100DCA587 /* AppDelegate.m */,
				6F20437D1ECAAFD100DCA587 /* ViewController.h */,
				6F20437E1ECAAFD100DCA587 /* ViewController.m */,
				6F2043801ECAAFD100DCA587 /* Main.storyboard */,
				6F2043831ECAAFD100DCA587 /* Assets.xcassets */,
				6F2043851ECAAFD100DCA587 /* LaunchScreen.storyboard */,
				6F2043881ECAAFD100DCA587 /* Info.plist */,
				6F2043771ECAAFD100DCA587 /* Supporting Files */,
				6F2043B11ECAD50700DCA587 /* Header.h */,
			);
			path = BrokenLine;
			sourceTree = "<group>";
		};
		6F2043771ECAAFD100DCA587 /* Supporting Files */ = {
			isa = PBXGroup;
			children = (
				6F2043781ECAAFD100DCA587 /* main.m */,
			);
			name = "Supporting Files";
			sourceTree = "<group>";
		};
		6F2043901ECAAFD100DCA587 /* BrokenLineTests */ = {
			isa = PBXGroup;
			children = (
				6F2043911ECAAFD100DCA587 /* BrokenLineTests.m */,
				6F2043931ECAAFD100DCA587 /* Info.plist */,
			);
			path = BrokenLineTests;
			sourceTree = "<group>";
		};
		6F20439B1ECAAFD200DCA587 /* BrokenLineUITests */ = {
			isa = PBXGroup;
			children = (
				6F20439C1ECAAFD200DCA587 /* BrokenLineUITests.m */,
				6F20439E1ECAAFD200DCA587 /* Info.plist */,
			);
			path = BrokenLineUITests;
			sourceTree = "<group>";
		};
		6F2043AA1ECAB01000DCA587 /* 折线图 */ = {
			isa = PBXGroup;
			children = (
				6F2043AB1ECAB01000DCA587 /* lineChartView.h */,
				6F2043AC1ECAB01000DCA587 /* lineChartView.m */,
				6F2043AD1ECAB01000DCA587 /* SellLineCell.h */,
				6F2043AE1ECAB01000DCA587 /* SellLineCell.m */,
			);
			path = "折线图";
			sourceTree = "<group>";
		};
/* End PBXGroup section */

/* Begin PBXNativeTarget section */
		6F2043731ECAAFD100DCA587 /* BrokenLine */ = {
			isa = PBXNativeTarget;
			buildConfigurationList = 6F2043A11ECAAFD200DCA587 /* Build configuration list for PBXNativeTarget "BrokenLine" */;
			buildPhases = (
				6F2043701ECAAFD100DCA587 /* Sources */,
				6F2043711ECAAFD100DCA587 /* Frameworks */,
				6F2043721ECAAFD100DCA587 /* Resources */,
			);
			buildRules = (
			);
			dependencies = (
			);
			name = BrokenLine;
			productName = BrokenLine;
			productReference = 6F2043741ECAAFD100DCA587 /* BrokenLine.app */;
			productType = "com.apple.product-type.application";
		};
		6F20438C1ECAAFD100DCA587 /* BrokenLineTests */ = {
			isa = PBXNativeTarget;
			buildConfigurationList = 6F2043A41ECAAFD200DCA587 /* Build configuration list for PBXNativeTarget "BrokenLineTests" */;
			buildPhases = (
				6F2043891ECAAFD100DCA587 /* Sources */,
				6F20438A1ECAAFD100DCA587 /* Frameworks */,
				6F20438B1ECAAFD100DCA587 /* Resources */,
			);
			buildRules = (
			);
			dependencies = (
				6F20438F1ECAAFD100DCA587 /* PBXTargetDependency */,
			);
			name = BrokenLineTests;
			productName = BrokenLineTests;
			productReference = 6F20438D1ECAAFD100DCA587 /* BrokenLineTests.xctest */;
			productType = "com.apple.product-type.bundle.unit-test";
		};
		6F2043971ECAAFD200DCA587 /* BrokenLineUITests */ = {
			isa = PBXNativeTarget;
			buildConfigurationList = 6F2043A71ECAAFD200DCA587 /* Build configuration list for PBXNativeTarget "BrokenLineUITests" */;
			buildPhases = (
				6F2043941ECAAFD200DCA587 /* Sources */,
				6F2043951ECAAFD200DCA587 /* Frameworks */,
				6F2043961ECAAFD200DCA587 /* Resources */,
			);
			buildRules = (
			);
			dependencies = (
				6F20439A1ECAAFD200DCA587 /* PBXTargetDependency */,
			);
			name = BrokenLineUITests;
			productName = BrokenLineUITests;
			productReference = 6F2043981ECAAFD200DCA587 /* BrokenLineUITests.xctest */;
			productType = "com.apple.product-type.bundle.ui-testing";
		};
/* End PBXNativeTarget section */

/* Begin PBXProject section */
		6F20436C1ECAAFD100DCA587 /* Project object */ = {
			isa = PBXProject;
			attributes = {
				LastUpgradeCheck = 0830;
				ORGANIZATIONNAME = ZDQ;
				TargetAttributes = {
					6F2043731ECAAFD100DCA587 = {
						CreatedOnToolsVersion = 8.3.2;
						DevelopmentTeam = L963YZJ9JH;
						ProvisioningStyle = Automatic;
					};
					6F20438C1ECAAFD100DCA587 = {
						CreatedOnToolsVersion = 8.3.2;
						DevelopmentTeam = L963YZJ9JH;
						ProvisioningStyle = Automatic;
						TestTargetID = 6F2043731ECAAFD100DCA587;
					};
					6F2043971ECAAFD200DCA587 = {
						CreatedOnToolsVersion = 8.3.2;
						DevelopmentTeam = L963YZJ9JH;
						ProvisioningStyle = Automatic;
						TestTargetID = 6F2043731ECAAFD100DCA587;
					};
				};
			};
			buildConfigurationList = 6F20436F1ECAAFD100DCA587 /* Build configuration list for PBXProject "BrokenLine" */;
			compatibilityVersion = "Xcode 3.2";
			developmentRegion = English;
			hasScannedForEncodings = 0;
			knownRegions = (
				en,
				Base,
			);
			mainGroup = 6F20436B1ECAAFD100DCA587;
			productRefGroup = 6F2043751ECAAFD100DCA587 /* Products */;
			projectDirPath = "";
			projectRoot = "";
			targets = (
				6F2043731ECAAFD100DCA587 /* BrokenLine */,
				6F20438C1ECAAFD100DCA587 /* BrokenLineTests */,
				6F2043971ECAAFD200DCA587 /* BrokenLineUITests */,
			);
		};
/* End PBXProject section */

/* Begin PBXResourcesBuildPhase section */
		6F2043721ECAAFD100DCA587 /* Resources */ = {
			isa = PBXResourcesBuildPhase;
			buildActionMask = 2147483647;
			files = (
				6F2043871ECAAFD100DCA587 /* LaunchScreen.storyboard in Resources */,
				6F2043841ECAAFD100DCA587 /* Assets.xcassets in Resources */,
				6F2043821ECAAFD100DCA587 /* Main.storyboard in Resources */,
			);
			runOnlyForDeploymentPostprocessing = 0;
		};
		6F20438B1ECAAFD100DCA587 /* Resources */ = {
			isa = PBXResourcesBuildPhase;
			buildActionMask = 2147483647;
			files = (
			);
			runOnlyForDeploymentPostprocessing = 0;
		};
		6F2043961ECAAFD200DCA587 /* Resources */ = {
			isa = PBXResourcesBuildPhase;
			buildActionMask = 2147483647;
			files = (
			);
			runOnlyForDeploymentPostprocessing = 0;
		};
/* End PBXResourcesBuildPhase section */

/* Begin PBXSourcesBuildPhase section */
		6F2043701ECAAFD100DCA587 /* Sources */ = {
			isa = PBXSourcesBuildPhase;
			buildActionMask = 2147483647;
			files = (
				6F20437F1ECAAFD100DCA587 /* ViewController.m in Sources */,
				6F20437C1ECAAFD100DCA587 /* AppDelegate.m in Sources */,
				6F2043791ECAAFD100DCA587 /* main.m in Sources */,
				6F2043AF1ECAB01000DCA587 /* lineChartView.m in Sources */,
				6F2043B01ECAB01000DCA587 /* SellLineCell.m in Sources */,
			);
			runOnlyForDeploymentPostprocessing = 0;
		};
		6F2043891ECAAFD100DCA587 /* Sources */ = {
			isa = PBXSourcesBuildPhase;
			buildActionMask = 2147483647;
			files = (
				6F2043921ECAAFD100DCA587 /* BrokenLineTests.m in Sources */,
			);
			runOnlyForDeploymentPostprocessing = 0;
		};
		6F2043941ECAAFD200DCA587 /* Sources */ = {
			isa = PBXSourcesBuildPhase;
			buildActionMask = 2147483647;
			files = (
				6F20439D1ECAAFD200DCA587 /* BrokenLineUITests.m in Sources */,
			);
			runOnlyForDeploymentPostprocessing = 0;
		};
/* End PBXSourcesBuildPhase section */

/* Begin PBXTargetDependency section */
		6F20438F1ECAAFD100DCA587 /* PBXTargetDependency */ = {
			isa = PBXTargetDependency;
			target = 6F2043731ECAAFD100DCA587 /* BrokenLine */;
			targetProxy = 6F20438E1ECAAFD100DCA587 /* PBXContainerItemProxy */;
		};
		6F20439A1ECAAFD200DCA587 /* PBXTargetDependency */ = {
			isa = PBXTargetDependency;
			target = 6F2043731ECAAFD100DCA587 /* BrokenLine */;
			targetProxy = 6F2043991ECAAFD200DCA587 /* PBXContainerItemProxy */;
		};
/* End PBXTargetDependency section */

/* Begin PBXVariantGroup section */
		6F2043801ECAAFD100DCA587 /* Main.storyboard */ = {
			isa = PBXVariantGroup;
			children = (
				6F2043811ECAAFD100DCA587 /* Base */,
			);
			name = Main.storyboard;
			sourceTree = "<group>";
		};
		6F2043851ECAAFD100DCA587 /* LaunchScreen.storyboard */ = {
			isa = PBXVariantGroup;
			children = (
				6F2043861ECAAFD100DCA587 /* Base */,
			);
			name = LaunchScreen.storyboard;
			sourceTree = "<group>";
		};
/* End PBXVariantGroup section */

/* Begin XCBuildConfiguration section */
		6F20439F1ECAAFD200DCA587 /* Debug */ = {
			isa = XCBuildConfiguration;
			buildSettings = {
				ALWAYS_SEARCH_USER_PATHS = NO;
				CLANG_ANALYZER_NONNULL = YES;
				CLANG_ANALYZER_NUMBER_OBJECT_CONVERSION = YES_AGGRESSIVE;
				CLANG_CXX_LANGUAGE_STANDARD = "gnu++0x";
				CLANG_CXX_LIBRARY = "libc++";
				CLANG_ENABLE_MODULES = YES;
				CLANG_ENABLE_OBJC_ARC = YES;
				CLANG_WARN_BOOL_CONVERSION = YES;
				CLANG_WARN_CONSTANT_CONVERSION = YES;
				CLANG_WARN_DIRECT_OBJC_ISA_USAGE = YES_ERROR;
				CLANG_WARN_DOCUMENTATION_COMMENTS = YES;
				CLANG_WARN_EMPTY_BODY = YES;
				CLANG_WARN_ENUM_CONVERSION = YES;
				CLANG_WARN_INFINITE_RECURSION = YES;
				CLANG_WARN_INT_CONVERSION = YES;
				CLANG_WARN_OBJC_ROOT_CLASS = YES_ERROR;
				CLANG_WARN_SUSPICIOUS_MOVE = YES;
				CLANG_WARN_UNREACHABLE_CODE = YES;
				CLANG_WARN__DUPLICATE_METHOD_MATCH = YES;
				"CODE_SIGN_IDENTITY[sdk=iphoneos*]" = "iPhone Developer";
				COPY_PHASE_STRIP = NO;
				DEBUG_INFORMATION_FORMAT = dwarf;
				ENABLE_STRICT_OBJC_MSGSEND = YES;
				ENABLE_TESTABILITY = YES;
				GCC_C_LANGUAGE_STANDARD = gnu99;
				GCC_DYNAMIC_NO_PIC = NO;
				GCC_NO_COMMON_BLOCKS = YES;
				GCC_OPTIMIZATION_LEVEL = 0;
				GCC_PREPROCESSOR_DEFINITIONS = (
					"DEBUG=1",
					"$(inherited)",
				);
				GCC_WARN_64_TO_32_BIT_CONVERSION = YES;
				GCC_WARN_ABOUT_RETURN_TYPE = YES_ERROR;
				GCC_WARN_UNDECLARED_SELECTOR = YES;
				GCC_WARN_UNINITIALIZED_AUTOS = YES_AGGRESSIVE;
				GCC_WARN_UNUSED_FUNCTION = YES;
				GCC_WARN_UNUSED_VARIABLE = YES;
				IPHONEOS_DEPLOYMENT_TARGET = 10.3;
				MTL_ENABLE_DEBUG_INFO = YES;
				ONLY_ACTIVE_ARCH = YES;
				SDKROOT = iphoneos;
			};
			name = Debug;
		};
		6F2043A01ECAAFD200DCA587 /* Release */ = {
			isa = XCBuildConfiguration;
			buildSettings = {
				ALWAYS_SEARCH_USER_PATHS = NO;
				CLANG_ANALYZER_NONNULL = YES;
				CLANG_ANALYZER_NUMBER_OBJECT_CONVERSION = YES_AGGRESSIVE;
				CLANG_CXX_LANGUAGE_STANDARD = "gnu++0x";
				CLANG_CXX_LIBRARY = "libc++";
				CLANG_ENABLE_MODULES = YES;
				CLANG_ENABLE_OBJC_ARC = YES;
				CLANG_WARN_BOOL_CONVERSION = YES;
				CLANG_WARN_CONSTANT_CONVERSION = YES;
				CLANG_WARN_DIRECT_OBJC_ISA_USAGE = YES_ERROR;
				CLANG_WARN_DOCUMENTATION_COMMENTS = YES;
				CLANG_WARN_EMPTY_BODY = YES;
				CLANG_WARN_ENUM_CONVERSION = YES;
				CLANG_WARN_INFINITE_RECURSION = YES;
				CLANG_WARN_INT_CONVERSION = YES;
				CLANG_WARN_OBJC_ROOT_CLASS = YES_ERROR;
				CLANG_WARN_SUSPICIOUS_MOVE = YES;
				CLANG_WARN_UNREACHABLE_CODE = YES;
				CLANG_WARN__DUPLICATE_METHOD_MATCH = YES;
				"CODE_SIGN_IDENTITY[sdk=iphoneos*]" = "iPhone Developer";
				COPY_PHASE_STRIP = NO;
				DEBUG_INFORMATION_FORMAT = "dwarf-with-dsym";
				ENABLE_NS_ASSERTIONS = NO;
				ENABLE_STRICT_OBJC_MSGSEND = YES;
				GCC_C_LANGUAGE_STANDARD = gnu99;
				GCC_NO_COMMON_BLOCKS = YES;
				GCC_WARN_64_TO_32_BIT_CONVERSION = YES;
				GCC_WARN_ABOUT_RETURN_TYPE = YES_ERROR;
				GCC_WARN_UNDECLARED_SELECTOR = YES;
				GCC_WARN_UNINITIALIZED_AUTOS = YES_AGGRESSIVE;
				GCC_WARN_UNUSED_FUNCTION = YES;
				GCC_WARN_UNUSED_VARIABLE = YES;
				IPHONEOS_DEPLOYMENT_TARGET = 10.3;
				MTL_ENABLE_DEBUG_INFO = NO;
				SDKROOT = iphoneos;
				VALIDATE_PRODUCT = YES;
			};
			name = Release;
		};
		6F2043A21ECAAFD200DCA587 /* Debug */ = {
			isa = XCBuildConfiguration;
			buildSettings = {
				ASSETCATALOG_COMPILER_APPICON_NAME = AppIcon;
				DEVELOPMENT_TEAM = L963YZJ9JH;
				INFOPLIST_FILE = BrokenLine/Info.plist;
				LD_RUNPATH_SEARCH_PATHS = "$(inherited) @executable_path/Frameworks";
				PRODUCT_BUNDLE_IDENTIFIER = com.ZDQ.store.BrokenLine;
				PRODUCT_NAME = "$(TARGET_NAME)";
			};
			name = Debug;
		};
		6F2043A31ECAAFD200DCA587 /* Release */ = {
			isa = XCBuildConfiguration;
			buildSettings = {
				ASSETCATALOG_COMPILER_APPICON_NAME = AppIcon;
				DEVELOPMENT_TEAM = L963YZJ9JH;
				INFOPLIST_FILE = BrokenLine/Info.plist;
				LD_RUNPATH_SEARCH_PATHS = "$(inherited) @executable_path/Frameworks";
				PRODUCT_BUNDLE_IDENTIFIER = com.ZDQ.store.BrokenLine;
				PRODUCT_NAME = "$(TARGET_NAME)";
			};
			name = Release;
		};
		6F2043A51ECAAFD200DCA587 /* Debug */ = {
			isa = XCBuildConfiguration;
			buildSettings = {
				BUNDLE_LOADER = "$(TEST_HOST)";
				DEVELOPMENT_TEAM = L963YZJ9JH;
				INFOPLIST_FILE = BrokenLineTests/Info.plist;
				LD_RUNPATH_SEARCH_PATHS = "$(inherited) @executable_path/Frameworks @loader_path/Frameworks";
				PRODUCT_BUNDLE_IDENTIFIER = com.ZDQ.store.BrokenLineTests;
				PRODUCT_NAME = "$(TARGET_NAME)";
				TEST_HOST = "$(BUILT_PRODUCTS_DIR)/BrokenLine.app/BrokenLine";
			};
			name = Debug;
		};
		6F2043A61ECAAFD200DCA587 /* Release */ = {
			isa = XCBuildConfiguration;
			buildSettings = {
				BUNDLE_LOADER = "$(TEST_HOST)";
				DEVELOPMENT_TEAM = L963YZJ9JH;
				INFOPLIST_FILE = BrokenLineTests/Info.plist;
				LD_RUNPATH_SEARCH_PATHS = "$(inherited) @executable_path/Frameworks @loader_path/Frameworks";
				PRODUCT_BUNDLE_IDENTIFIER = com.ZDQ.store.BrokenLineTests;
				PRODUCT_NAME = "$(TARGET_NAME)";
				TEST_HOST = "$(BUILT_PRODUCTS_DIR)/BrokenLine.app/BrokenLine";
			};
			name = Release;
		};
		6F2043A81ECAAFD200DCA587 /* Debug */ = {
			isa = XCBuildConfiguration;
			buildSettings = {
				DEVELOPMENT_TEAM = L963YZJ9JH;
				INFOPLIST_FILE = BrokenLineUITests/Info.plist;
				LD_RUNPATH_SEARCH_PATHS = "$(inherited) @executable_path/Frameworks @loader_path/Frameworks";
				PRODUCT_BUNDLE_IDENTIFIER = com.ZDQ.store.BrokenLineUITests;
				PRODUCT_NAME = "$(TARGET_NAME)";
				TEST_TARGET_NAME = BrokenLine;
			};
			name = Debug;
		};
		6F2043A91ECAAFD200DCA587 /* Release */ = {
			isa = XCBuildConfiguration;
			buildSettings = {
				DEVELOPMENT_TEAM = L963YZJ9JH;
				INFOPLIST_FILE = BrokenLineUITests/Info.plist;
				LD_RUNPATH_SEARCH_PATHS = "$(inherited) @executable_path/Frameworks @loader_path/Frameworks";
				PRODUCT_BUNDLE_IDENTIFIER = com.ZDQ.store.BrokenLineUITests;
				PRODUCT_NAME = "$(TARGET_NAME)";
				TEST_TARGET_NAME = BrokenLine;
			};
			name = Release;
		};
/* End XCBuildConfiguration section */

/* Begin XCConfigurationList section */
		6F20436F1ECAAFD100DCA587 /* Build configuration list for PBXProject "BrokenLine" */ = {
			isa = XCConfigurationList;
			buildConfigurations = (
				6F20439F1ECAAFD200DCA587 /* Debug */,
				6F2043A01ECAAFD200DCA587 /* Release */,
			);
			defaultConfigurationIsVisible = 0;
			defaultConfigurationName = Release;
		};
		6F2043A11ECAAFD200DCA587 /* Build configuration list for PBXNativeTarget "BrokenLine" */ = {
			isa = XCConfigurationList;
			buildConfigurations = (
				6F2043A21ECAAFD200DCA587 /* Debug */,
				6F2043A31ECAAFD200DCA587 /* Release */,
			);
			defaultConfigurationIsVisible = 0;
		};
		6F2043A41ECAAFD200DCA587 /* Build configuration list for PBXNativeTarget "BrokenLineTests" */ = {
			isa = XCConfigurationList;
			buildConfigurations = (
				6F2043A51ECAAFD200DCA587 /* Debug */,
				6F2043A61ECAAFD200DCA587 /* Release */,
			);
			defaultConfigurationIsVisible = 0;
		};
		6F2043A71ECAAFD200DCA587 /* Build configuration list for PBXNativeTarget "BrokenLineUITests" */ = {
			isa = XCConfigurationList;
			buildConfigurations = (
				6F2043A81ECAAFD200DCA587 /* Debug */,
				6F2043A91ECAAFD200DCA587 /* Release */,
			);
			defaultConfigurationIsVisible = 0;
		};
/* End XCConfigurationList section */
	};
	rootObject = 6F20436C1ECAAFD100DCA587 /* Project object */;
}
